
Microsoft Visual Studio Solution File, Format Version 12.00
Project("{FAE04EC0-301F-11D3-BF4B-00C04F79EFBC}") = "http-client-mock", "src\http-client-mock\http-client-mock.csproj", "{411F1726-C7FF-440F-BB91-0528C6FF9BA9}"
EndProject
Project("{FAE04EC0-301F-11D3-BF4B-00C04F79EFBC}") = "unit-test", "test\unit-test\unit-test.csproj", "{74C99CB0-4564-4013-A0E7-DF1FCDB422A8}"
EndProject
Global
	GlobalSection(SolutionConfigurationPlatforms) = preSolution
		Debug|Any CPU = Debug|Any CPU
		Release|Any CPU = Release|Any CPU
	EndGlobalSection
	GlobalSection(ProjectConfigurationPlatforms) = postSolution
		{411F1726-C7FF-440F-BB91-0528C6FF9BA9}.Debug|Any CPU.ActiveCfg = Debug|Any CPU
		{411F1726-C7FF-440F-BB91-0528C6FF9BA9}.Debug|Any CPU.Build.0 = Debug|Any CPU
		{411F1726-C7FF-440F-BB91-0528C6FF9BA9}.Release|Any CPU.ActiveCfg = Release|Any CPU
		{411F1726-C7FF-440F-BB91-0528C6FF9BA9}.Release|Any CPU.Build.0 = Release|Any CPU
		{74C99CB0-4564-4013-A0E7-DF1FCDB422A8}.Debug|Any CPU.ActiveCfg = Debug|Any CPU
		{74C99CB0-4564-4013-A0E7-DF1FCDB422A8}.Debug|Any CPU.Build.0 = Debug|Any CPU
		{74C99CB0-4564-4013-A0E7-DF1FCDB422A8}.Release|Any CPU.ActiveCfg = Release|Any CPU
		{74C99CB0-4564-4013-A0E7-DF1FCDB422A8}.Release|Any CPU.Build.0 = Release|Any CPU
	EndGlobalSection
EndGlobal
